
Microsoft Visual Studio Solution File, Format Version 12.00
# Visual Studio Version 16
VisualStudioVersion = 16.0.30711.63
MinimumVisualStudioVersion = 10.0.40219.1
Project("{FAE04EC0-301F-11D3-BF4B-00C04F79EFBC}") = "cakeworld", "cakeworld\cakeworld.csproj", "{59B45E6F-CC96-418B-B84E-708336F5EEC1}"
EndProject
Project("{2150E333-8FDC-42A3-9474-1A3956D46DE8}") = "Solution Items", "Solution Items", "{22247B35-FA4B-492B-B382-FE1010027D08}"
	ProjectSection(SolutionItems) = preProject
		.gitignore = .gitignore
	EndProjectSection
EndProject
Global
	GlobalSection(SolutionConfigurationPlatforms) = preSolution
		Debug|Any CPU = Debug|Any CPU
		Release|Any CPU = Release|Any CPU
	EndGlobalSection
	GlobalSection(ProjectConfigurationPlatforms) = postSolution
		{59B45E6F-CC96-418B-B84E-708336F5EEC1}.Debug|Any CPU.ActiveCfg = Debug|Any CPU
		{59B45E6F-CC96-418B-B84E-708336F5EEC1}.Debug|Any CPU.Build.0 = Debug|Any CPU
		{59B45E6F-CC96-418B-B84E-708336F5EEC1}.Release|Any CPU.ActiveCfg = Release|Any CPU
		{59B45E6F-CC96-418B-B84E-708336F5EEC1}.Release|Any CPU.Build.0 = Release|Any CPU
	EndGlobalSection
	GlobalSection(SolutionProperties) = preSolution
		HideSolutionNode = FALSE
	EndGlobalSection
	GlobalSection(ExtensibilityGlobals) = postSolution
		SolutionGuid = {91919C5B-C4FC-42B4-A74C-91C7B8FBCF9C}
	EndGlobalSection
EndGlobal
